
Microsoft Visual Studio Solution File, Format Version 12.00
# Visual Studio Version 16
VisualStudioVersion = 16.0.30225.117
MinimumVisualStudioVersion = 10.0.40219.1
Project("{FAE04EC0-301F-11D3-BF4B-00C04F79EFBC}") = "CheckedUnchecked", "CheckedUnchecked\CheckedUnchecked.csproj", "{89278F29-85D8-49AC-85D4-FE1F8E74B02C}"
EndProject
Global
	GlobalSection(SolutionConfigurationPlatforms) = preSolution
		Debug|Any CPU = Debug|Any CPU
		Release|Any CPU = Release|Any CPU
	EndGlobalSection
	GlobalSection(ProjectConfigurationPlatforms) = postSolution
		{89278F29-85D8-49AC-85D4-FE1F8E74B02C}.Debug|Any CPU.ActiveCfg = Debug|Any CPU
		{89278F29-85D8-49AC-85D4-FE1F8E74B02C}.Debug|Any CPU.Build.0 = Debug|Any CPU
		{89278F29-85D8-49AC-85D4-FE1F8E74B02C}.Release|Any CPU.ActiveCfg = Release|Any CPU
		{89278F29-85D8-49AC-85D4-FE1F8E74B02C}.Release|Any CPU.Build.0 = Release|Any CPU
	EndGlobalSection
	GlobalSection(SolutionProperties) = preSolution
		HideSolutionNode = FALSE
	EndGlobalSection
	GlobalSection(ExtensibilityGlobals) = postSolution
		SolutionGuid = {A1508C4E-E38D-4C98-A19C-951BFBD8D62E}
	EndGlobalSection
EndGlobal
