
Microsoft Visual Studio Solution File, Format Version 12.00
# Visual Studio Version 16
VisualStudioVersion = 16.0.30225.117
MinimumVisualStudioVersion = 10.0.40219.1
Project("{FAE04EC0-301F-11D3-BF4B-00C04F79EFBC}") = "StaticConstructors", "StaticConstructors\StaticConstructors.csproj", "{71460103-97A5-4976-8426-299649AD69C1}"
EndProject
Global
	GlobalSection(SolutionConfigurationPlatforms) = preSolution
		Debug|Any CPU = Debug|Any CPU
		Release|Any CPU = Release|Any CPU
	EndGlobalSection
	GlobalSection(ProjectConfigurationPlatforms) = postSolution
		{71460103-97A5-4976-8426-299649AD69C1}.Debug|Any CPU.ActiveCfg = Debug|Any CPU
		{71460103-97A5-4976-8426-299649AD69C1}.Debug|Any CPU.Build.0 = Debug|Any CPU
		{71460103-97A5-4976-8426-299649AD69C1}.Release|Any CPU.ActiveCfg = Release|Any CPU
		{71460103-97A5-4976-8426-299649AD69C1}.Release|Any CPU.Build.0 = Release|Any CPU
	EndGlobalSection
	GlobalSection(SolutionProperties) = preSolution
		HideSolutionNode = FALSE
	EndGlobalSection
	GlobalSection(ExtensibilityGlobals) = postSolution
		SolutionGuid = {C37BC5FE-52A2-46A5-8616-C12B4D0D8961}
	EndGlobalSection
EndGlobal
