
Microsoft Visual Studio Solution File, Format Version 12.00
# Visual Studio Version 16
VisualStudioVersion = 16.0.30225.117
MinimumVisualStudioVersion = 10.0.40219.1
Project("{FAE04EC0-301F-11D3-BF4B-00C04F79EFBC}") = "Multithreading", "Multithreading\Multithreading.csproj", "{380B904F-1A59-484D-BB7B-9D42FC26F95D}"
EndProject
Global
	GlobalSection(SolutionConfigurationPlatforms) = preSolution
		Debug|Any CPU = Debug|Any CPU
		Release|Any CPU = Release|Any CPU
	EndGlobalSection
	GlobalSection(ProjectConfigurationPlatforms) = postSolution
		{380B904F-1A59-484D-BB7B-9D42FC26F95D}.Debug|Any CPU.ActiveCfg = Debug|Any CPU
		{380B904F-1A59-484D-BB7B-9D42FC26F95D}.Debug|Any CPU.Build.0 = Debug|Any CPU
		{380B904F-1A59-484D-BB7B-9D42FC26F95D}.Release|Any CPU.ActiveCfg = Release|Any CPU
		{380B904F-1A59-484D-BB7B-9D42FC26F95D}.Release|Any CPU.Build.0 = Release|Any CPU
	EndGlobalSection
	GlobalSection(SolutionProperties) = preSolution
		HideSolutionNode = FALSE
	EndGlobalSection
	GlobalSection(ExtensibilityGlobals) = postSolution
		SolutionGuid = {63C0422C-771D-48DB-995C-B601E6A6624F}
	EndGlobalSection
EndGlobal
