
Microsoft Visual Studio Solution File, Format Version 12.00
# Visual Studio Version 16
VisualStudioVersion = 16.0.30225.117
MinimumVisualStudioVersion = 10.0.40219.1
Project("{FAE04EC0-301F-11D3-BF4B-00C04F79EFBC}") = "ConstAndReadonly", "ConstAndReadonly\ConstAndReadonly.csproj", "{97F3D252-F604-4788-8DE9-475E558324AD}"
EndProject
Global
	GlobalSection(SolutionConfigurationPlatforms) = preSolution
		Debug|Any CPU = Debug|Any CPU
		Release|Any CPU = Release|Any CPU
	EndGlobalSection
	GlobalSection(ProjectConfigurationPlatforms) = postSolution
		{97F3D252-F604-4788-8DE9-475E558324AD}.Debug|Any CPU.ActiveCfg = Debug|Any CPU
		{97F3D252-F604-4788-8DE9-475E558324AD}.Debug|Any CPU.Build.0 = Debug|Any CPU
		{97F3D252-F604-4788-8DE9-475E558324AD}.Release|Any CPU.ActiveCfg = Release|Any CPU
		{97F3D252-F604-4788-8DE9-475E558324AD}.Release|Any CPU.Build.0 = Release|Any CPU
	EndGlobalSection
	GlobalSection(SolutionProperties) = preSolution
		HideSolutionNode = FALSE
	EndGlobalSection
	GlobalSection(ExtensibilityGlobals) = postSolution
		SolutionGuid = {38B9E0CF-A4B9-4693-A5D3-5D755CBCA3D5}
	EndGlobalSection
EndGlobal
