
Microsoft Visual Studio Solution File, Format Version 12.00
# Visual Studio Version 16
VisualStudioVersion = 16.0.30225.117
MinimumVisualStudioVersion = 10.0.40219.1
Project("{FAE04EC0-301F-11D3-BF4B-00C04F79EFBC}") = "PatternMatching", "PatternMatching\PatternMatching.csproj", "{D6879BB8-4598-4F07-87F5-7EFB61E87AAD}"
EndProject
Global
	GlobalSection(SolutionConfigurationPlatforms) = preSolution
		Debug|Any CPU = Debug|Any CPU
		Release|Any CPU = Release|Any CPU
	EndGlobalSection
	GlobalSection(ProjectConfigurationPlatforms) = postSolution
		{D6879BB8-4598-4F07-87F5-7EFB61E87AAD}.Debug|Any CPU.ActiveCfg = Debug|Any CPU
		{D6879BB8-4598-4F07-87F5-7EFB61E87AAD}.Debug|Any CPU.Build.0 = Debug|Any CPU
		{D6879BB8-4598-4F07-87F5-7EFB61E87AAD}.Release|Any CPU.ActiveCfg = Release|Any CPU
		{D6879BB8-4598-4F07-87F5-7EFB61E87AAD}.Release|Any CPU.Build.0 = Release|Any CPU
	EndGlobalSection
	GlobalSection(SolutionProperties) = preSolution
		HideSolutionNode = FALSE
	EndGlobalSection
	GlobalSection(ExtensibilityGlobals) = postSolution
		SolutionGuid = {412970E6-0053-4AF4-947B-EDE55208C4AA}
	EndGlobalSection
EndGlobal
