
Microsoft Visual Studio Solution File, Format Version 12.00
# Visual Studio Version 16
VisualStudioVersion = 16.0.30225.117
MinimumVisualStudioVersion = 10.0.40219.1
Project("{FAE04EC0-301F-11D3-BF4B-00C04F79EFBC}") = "LocalFunctions", "LocalFunctions\LocalFunctions.csproj", "{D3731D6F-6A3A-4B0A-BFAD-B60D2F0278E3}"
EndProject
Global
	GlobalSection(SolutionConfigurationPlatforms) = preSolution
		Debug|Any CPU = Debug|Any CPU
		Release|Any CPU = Release|Any CPU
	EndGlobalSection
	GlobalSection(ProjectConfigurationPlatforms) = postSolution
		{D3731D6F-6A3A-4B0A-BFAD-B60D2F0278E3}.Debug|Any CPU.ActiveCfg = Debug|Any CPU
		{D3731D6F-6A3A-4B0A-BFAD-B60D2F0278E3}.Debug|Any CPU.Build.0 = Debug|Any CPU
		{D3731D6F-6A3A-4B0A-BFAD-B60D2F0278E3}.Release|Any CPU.ActiveCfg = Release|Any CPU
		{D3731D6F-6A3A-4B0A-BFAD-B60D2F0278E3}.Release|Any CPU.Build.0 = Release|Any CPU
	EndGlobalSection
	GlobalSection(SolutionProperties) = preSolution
		HideSolutionNode = FALSE
	EndGlobalSection
	GlobalSection(ExtensibilityGlobals) = postSolution
		SolutionGuid = {98AA33F7-BCB1-451D-9C34-72783F1AB6B7}
	EndGlobalSection
EndGlobal
