
Microsoft Visual Studio Solution File, Format Version 12.00
# Visual Studio Version 16
VisualStudioVersion = 16.0.30225.117
MinimumVisualStudioVersion = 10.0.40219.1
Project("{FAE04EC0-301F-11D3-BF4B-00C04F79EFBC}") = "Delegates", "Delegates\Delegates.csproj", "{CBB7F5E4-E465-4AD8-BBCB-C62D26F3833D}"
EndProject
Global
	GlobalSection(SolutionConfigurationPlatforms) = preSolution
		Debug|Any CPU = Debug|Any CPU
		Release|Any CPU = Release|Any CPU
	EndGlobalSection
	GlobalSection(ProjectConfigurationPlatforms) = postSolution
		{CBB7F5E4-E465-4AD8-BBCB-C62D26F3833D}.Debug|Any CPU.ActiveCfg = Debug|Any CPU
		{CBB7F5E4-E465-4AD8-BBCB-C62D26F3833D}.Debug|Any CPU.Build.0 = Debug|Any CPU
		{CBB7F5E4-E465-4AD8-BBCB-C62D26F3833D}.Release|Any CPU.ActiveCfg = Release|Any CPU
		{CBB7F5E4-E465-4AD8-BBCB-C62D26F3833D}.Release|Any CPU.Build.0 = Release|Any CPU
	EndGlobalSection
	GlobalSection(SolutionProperties) = preSolution
		HideSolutionNode = FALSE
	EndGlobalSection
	GlobalSection(ExtensibilityGlobals) = postSolution
		SolutionGuid = {A2811F40-F5BB-4FC8-931C-2857DD0CA38E}
	EndGlobalSection
EndGlobal
